
Microsoft Visual Studio Solution File, Format Version 12.00
# Visual Studio Version 16
VisualStudioVersion = 16.0.31424.327
MinimumVisualStudioVersion = 10.0.40219.1
Project("{FAE04EC0-301F-11D3-BF4B-00C04F79EFBC}") = "SalesManager", "SalesManager.csproj", "{1A12F013-7ADC-4939-895B-C8CBB194B1A6}"
EndProject
Global
	GlobalSection(SolutionConfigurationPlatforms) = preSolution
		Debug|Any CPU = Debug|Any CPU
		Release|Any CPU = Release|Any CPU
	EndGlobalSection
	GlobalSection(ProjectConfigurationPlatforms) = postSolution
		{1A12F013-7ADC-4939-895B-C8CBB194B1A6}.Debug|Any CPU.ActiveCfg = Debug|Any CPU
		{1A12F013-7ADC-4939-895B-C8CBB194B1A6}.Debug|Any CPU.Build.0 = Debug|Any CPU
		{1A12F013-7ADC-4939-895B-C8CBB194B1A6}.Release|Any CPU.ActiveCfg = Release|Any CPU
		{1A12F013-7ADC-4939-895B-C8CBB194B1A6}.Release|Any CPU.Build.0 = Release|Any CPU
	EndGlobalSection
	GlobalSection(SolutionProperties) = preSolution
		HideSolutionNode = FALSE
	EndGlobalSection
	GlobalSection(ExtensibilityGlobals) = postSolution
		SolutionGuid = {6A1DB97D-38DA-4039-B26D-0C5FA2F3CC10}
	EndGlobalSection
EndGlobal
